// !$*UTF8*$!
{
	archiveVersion = 1;
	classes = {
	};
	objectVersion = 55;
	objects = {

/* Begin PBXBuildFile section */
		9263CC5D38AEE3E7F759315C /* Pods_WalkieTalkieDemoTests.framework in Frameworks */ = {isa = PBXBuildFile; fileRef = 85ED8BDEF49245CADBF3AA81 /* Pods_WalkieTalkieDemoTests.framework */; };
		A408504128BF061400A141E4 /* IPSettingVC.m in Sources */ = {isa = PBXBuildFile; fileRef = A408504028BF061400A141E4 /* IPSettingVC.m */; };
		A408504628BF4A2900A141E4 /* IPSetting.m in Sources */ = {isa = PBXBuildFile; fileRef = A408504528BF4A2900A141E4 /* IPSetting.m */; };
		A4A752FD28C1AAFC0027AD93 /* IPAddressValidate.m in Sources */ = {isa = PBXBuildFile; fileRef = A4A752FC28C1AAFC0027AD93 /* IPAddressValidate.m */; };
		A4A7530028C1AB570027AD93 /* DeviceIPAddress.m in Sources */ = {isa = PBXBuildFile; fileRef = A4A752FF28C1AB570027AD93 /* DeviceIPAddress.m */; };
		A4A7530328C1B4E80027AD93 /* ZWAlignLabel.m in Sources */ = {isa = PBXBuildFile; fileRef = A4A7530228C1B4E80027AD93 /* ZWAlignLabel.m */; };
		A4ED62D728AA29C6000F08B1 /* AppDelegate.m in Sources */ = {isa = PBXBuildFile; fileRef = A4ED62D628AA29C6000F08B1 /* AppDelegate.m */; };
		A4ED62DA28AA29C6000F08B1 /* SceneDelegate.m in Sources */ = {isa = PBXBuildFile; fileRef = A4ED62D928AA29C6000F08B1 /* SceneDelegate.m */; };
		A4ED62DD28AA29C6000F08B1 /* ViewController.m in Sources */ = {isa = PBXBuildFile; fileRef = A4ED62DC28AA29C6000F08B1 /* ViewController.m */; };
		A4ED62E028AA29C6000F08B1 /* Main.storyboard in Resources */ = {isa = PBXBuildFile; fileRef = A4ED62DE28AA29C6000F08B1 /* Main.storyboard */; };
		A4ED62E228AA29C7000F08B1 /* Assets.xcassets in Resources */ = {isa = PBXBuildFile; fileRef = A4ED62E128AA29C7000F08B1 /* Assets.xcassets */; };
		A4ED62E528AA29C7000F08B1 /* LaunchScreen.storyboard in Resources */ = {isa = PBXBuildFile; fileRef = A4ED62E328AA29C7000F08B1 /* LaunchScreen.storyboard */; };
		A4ED62E828AA29C7000F08B1 /* main.m in Sources */ = {isa = PBXBuildFile; fileRef = A4ED62E728AA29C7000F08B1 /* main.m */; };
		A4ED62F228AA29C7000F08B1 /* WalkieTalkieDemoTests.m in Sources */ = {isa = PBXBuildFile; fileRef = A4ED62F128AA29C7000F08B1 /* WalkieTalkieDemoTests.m */; };
		A4ED62FC28AA29C7000F08B1 /* WalkieTalkieDemoUITests.m in Sources */ = {isa = PBXBuildFile; fileRef = A4ED62FB28AA29C7000F08B1 /* WalkieTalkieDemoUITests.m */; };
		A4ED62FE28AA29C7000F08B1 /* WalkieTalkieDemoUITestsLaunchTests.m in Sources */ = {isa = PBXBuildFile; fileRef = A4ED62FD28AA29C7000F08B1 /* WalkieTalkieDemoUITestsLaunchTests.m */; };
		A4ED630F28AA3FC6000F08B1 /* ImageSources.xcassets in Resources */ = {isa = PBXBuildFile; fileRef = A4ED630E28AA3FC6000F08B1 /* ImageSources.xcassets */; };
		A4ED631428AB95E5000F08B1 /* UIColor+Hex.m in Sources */ = {isa = PBXBuildFile; fileRef = A4ED631328AB95E5000F08B1 /* UIColor+Hex.m */; };
		A4ED631B28ABB8FB000F08B1 /* WorldVC.m in Sources */ = {isa = PBXBuildFile; fileRef = A4ED631A28ABB8FB000F08B1 /* WorldVC.m */; };
		A4ED631E28ABB916000F08B1 /* ChannelVC.m in Sources */ = {isa = PBXBuildFile; fileRef = A4ED631D28ABB916000F08B1 /* ChannelVC.m */; };
		BCDA63AD9070B85AC8538541 /* Pods_WalkieTalkieDemo.framework in Frameworks */ = {isa = PBXBuildFile; fileRef = 680BA34EA5DDF29FFF7453DA /* Pods_WalkieTalkieDemo.framework */; };
		D07BBE08667BF10A9B82D8D7 /* Pods_WalkieTalkieDemo_WalkieTalkieDemoUITests.framework in Frameworks */ = {isa = PBXBuildFile; fileRef = 62E2260E976C4EE0D7D3E350 /* Pods_WalkieTalkieDemo_WalkieTalkieDemoUITests.framework */; };
/* End PBXBuildFile section */

/* Begin PBXContainerItemProxy section */
		A4ED62EE28AA29C7000F08B1 /* PBXContainerItemProxy */ = {
			isa = PBXContainerItemProxy;
			containerPortal = A4ED62CA28AA29C6000F08B1 /* Project object */;
			proxyType = 1;
			remoteGlobalIDString = A4ED62D128AA29C6000F08B1;
			remoteInfo = WalkieTalkieDemo;
		};
		A4ED62F828AA29C7000F08B1 /* PBXContainerItemProxy */ = {
			isa = PBXContainerItemProxy;
			containerPortal = A4ED62CA28AA29C6000F08B1 /* Project object */;
			proxyType = 1;
			remoteGlobalIDString = A4ED62D128AA29C6000F08B1;
			remoteInfo = WalkieTalkieDemo;
		};
/* End PBXContainerItemProxy section */

/* Begin PBXFileReference section */
		05DF6E3821E525D2C6254862 /* Pods-WalkieTalkieDemoTests.release.xcconfig */ = {isa = PBXFileReference; includeInIndex = 1; lastKnownFileType = text.xcconfig; name = "Pods-WalkieTalkieDemoTests.release.xcconfig"; path = "Target Support Files/Pods-WalkieTalkieDemoTests/Pods-WalkieTalkieDemoTests.release.xcconfig"; sourceTree = "<group>"; };
		0E09AF2E51FAB91E8471060F /* Pods-WalkieTalkieDemoTests.debug.xcconfig */ = {isa = PBXFileReference; includeInIndex = 1; lastKnownFileType = text.xcconfig; name = "Pods-WalkieTalkieDemoTests.debug.xcconfig"; path = "Target Support Files/Pods-WalkieTalkieDemoTests/Pods-WalkieTalkieDemoTests.debug.xcconfig"; sourceTree = "<group>"; };
		1BAF78D7ABC3C46911F64933 /* Pods-WalkieTalkieDemo-WalkieTalkieDemoUITests.release.xcconfig */ = {isa = PBXFileReference; includeInIndex = 1; lastKnownFileType = text.xcconfig; name = "Pods-WalkieTalkieDemo-WalkieTalkieDemoUITests.release.xcconfig"; path = "Target Support Files/Pods-WalkieTalkieDemo-WalkieTalkieDemoUITests/Pods-WalkieTalkieDemo-WalkieTalkieDemoUITests.release.xcconfig"; sourceTree = "<group>"; };
		39794528B42C8880A31304CD /* Pods-WalkieTalkieDemo.release.xcconfig */ = {isa = PBXFileReference; includeInIndex = 1; lastKnownFileType = text.xcconfig; name = "Pods-WalkieTalkieDemo.release.xcconfig"; path = "Target Support Files/Pods-WalkieTalkieDemo/Pods-WalkieTalkieDemo.release.xcconfig"; sourceTree = "<group>"; };
		4DA7F60BD4F7C435511B9413 /* Pods-WalkieTalkieDemo.debug.xcconfig */ = {isa = PBXFileReference; includeInIndex = 1; lastKnownFileType = text.xcconfig; name = "Pods-WalkieTalkieDemo.debug.xcconfig"; path = "Target Support Files/Pods-WalkieTalkieDemo/Pods-WalkieTalkieDemo.debug.xcconfig"; sourceTree = "<group>"; };
		62E2260E976C4EE0D7D3E350 /* Pods_WalkieTalkieDemo_WalkieTalkieDemoUITests.framework */ = {isa = PBXFileReference; explicitFileType = wrapper.framework; includeInIndex = 0; path = Pods_WalkieTalkieDemo_WalkieTalkieDemoUITests.framework; sourceTree = BUILT_PRODUCTS_DIR; };
		680BA34EA5DDF29FFF7453DA /* Pods_WalkieTalkieDemo.framework */ = {isa = PBXFileReference; explicitFileType = wrapper.framework; includeInIndex = 0; path = Pods_WalkieTalkieDemo.framework; sourceTree = BUILT_PRODUCTS_DIR; };
		85ED8BDEF49245CADBF3AA81 /* Pods_WalkieTalkieDemoTests.framework */ = {isa = PBXFileReference; explicitFileType = wrapper.framework; includeInIndex = 0; path = Pods_WalkieTalkieDemoTests.framework; sourceTree = BUILT_PRODUCTS_DIR; };
		A408503F28BF061400A141E4 /* IPSettingVC.h */ = {isa = PBXFileReference; lastKnownFileType = sourcecode.c.h; path = IPSettingVC.h; sourceTree = "<group>"; };
		A408504028BF061400A141E4 /* IPSettingVC.m */ = {isa = PBXFileReference; lastKnownFileType = sourcecode.c.objc; path = IPSettingVC.m; sourceTree = "<group>"; };
		A408504228BF14A200A141E4 /* UIScreen.h */ = {isa = PBXFileReference; lastKnownFileType = sourcecode.c.h; path = UIScreen.h; sourceTree = "<group>"; };
		A408504428BF4A2900A141E4 /* IPSetting.h */ = {isa = PBXFileReference; lastKnownFileType = sourcecode.c.h; path = IPSetting.h; sourceTree = "<group>"; };
		A408504528BF4A2900A141E4 /* IPSetting.m */ = {isa = PBXFileReference; lastKnownFileType = sourcecode.c.objc; path = IPSetting.m; sourceTree = "<group>"; };
		A4A752FB28C1AAFC0027AD93 /* IPAddressValidate.h */ = {isa = PBXFileReference; lastKnownFileType = sourcecode.c.h; path = IPAddressValidate.h; sourceTree = "<group>"; };
		A4A752FC28C1AAFC0027AD93 /* IPAddressValidate.m */ = {isa = PBXFileReference; lastKnownFileType = sourcecode.c.objc; path = IPAddressValidate.m; sourceTree = "<group>"; };
		A4A752FE28C1AB570027AD93 /* DeviceIPAddress.h */ = {isa = PBXFileReference; lastKnownFileType = sourcecode.c.h; path = DeviceIPAddress.h; sourceTree = "<group>"; };
		A4A752FF28C1AB570027AD93 /* DeviceIPAddress.m */ = {isa = PBXFileReference; lastKnownFileType = sourcecode.c.objc; path = DeviceIPAddress.m; sourceTree = "<group>"; };
		A4A7530128C1B4E80027AD93 /* ZWAlignLabel.h */ = {isa = PBXFileReference; lastKnownFileType = sourcecode.c.h; path = ZWAlignLabel.h; sourceTree = "<group>"; };
		A4A7530228C1B4E80027AD93 /* ZWAlignLabel.m */ = {isa = PBXFileReference; lastKnownFileType = sourcecode.c.objc; path = ZWAlignLabel.m; sourceTree = "<group>"; };
		A4ED62D228AA29C6000F08B1 /* WalkieTalkieDemo.app */ = {isa = PBXFileReference; explicitFileType = wrapper.application; includeInIndex = 0; path = WalkieTalkieDemo.app; sourceTree = BUILT_PRODUCTS_DIR; };
		A4ED62D528AA29C6000F08B1 /* AppDelegate.h */ = {isa = PBXFileReference; lastKnownFileType = sourcecode.c.h; path = AppDelegate.h; sourceTree = "<group>"; };
		A4ED62D628AA29C6000F08B1 /* AppDelegate.m */ = {isa = PBXFileReference; lastKnownFileType = sourcecode.c.objc; path = AppDelegate.m; sourceTree = "<group>"; };
		A4ED62D828AA29C6000F08B1 /* SceneDelegate.h */ = {isa = PBXFileReference; lastKnownFileType = sourcecode.c.h; path = SceneDelegate.h; sourceTree = "<group>"; };
		A4ED62D928AA29C6000F08B1 /* SceneDelegate.m */ = {isa = PBXFileReference; lastKnownFileType = sourcecode.c.objc; path = SceneDelegate.m; sourceTree = "<group>"; };
		A4ED62DB28AA29C6000F08B1 /* ViewController.h */ = {isa = PBXFileReference; lastKnownFileType = sourcecode.c.h; path = ViewController.h; sourceTree = "<group>"; };
		A4ED62DC28AA29C6000F08B1 /* ViewController.m */ = {isa = PBXFileReference; lastKnownFileType = sourcecode.c.objc; path = ViewController.m; sourceTree = "<group>"; };
		A4ED62DF28AA29C6000F08B1 /* Base */ = {isa = PBXFileReference; lastKnownFileType = file.storyboard; name = Base; path = Base.lproj/Main.storyboard; sourceTree = "<group>"; };
		A4ED62E128AA29C7000F08B1 /* Assets.xcassets */ = {isa = PBXFileReference; lastKnownFileType = folder.assetcatalog; path = Assets.xcassets; sourceTree = "<group>"; };
		A4ED62E428AA29C7000F08B1 /* Base */ = {isa = PBXFileReference; lastKnownFileType = file.storyboard; name = Base; path = Base.lproj/LaunchScreen.storyboard; sourceTree = "<group>"; };
		A4ED62E628AA29C7000F08B1 /* Info.plist */ = {isa = PBXFileReference; lastKnownFileType = text.plist.xml; path = Info.plist; sourceTree = "<group>"; };
		A4ED62E728AA29C7000F08B1 /* main.m */ = {isa = PBXFileReference; lastKnownFileType = sourcecode.c.objc; path = main.m; sourceTree = "<group>"; };
		A4ED62ED28AA29C7000F08B1 /* WalkieTalkieDemoTests.xctest */ = {isa = PBXFileReference; explicitFileType = wrapper.cfbundle; includeInIndex = 0; path = WalkieTalkieDemoTests.xctest; sourceTree = BUILT_PRODUCTS_DIR; };
		A4ED62F128AA29C7000F08B1 /* WalkieTalkieDemoTests.m */ = {isa = PBXFileReference; lastKnownFileType = sourcecode.c.objc; path = WalkieTalkieDemoTests.m; sourceTree = "<group>"; };
		A4ED62F728AA29C7000F08B1 /* WalkieTalkieDemoUITests.xctest */ = {isa = PBXFileReference; explicitFileType = wrapper.cfbundle; includeInIndex = 0; path = WalkieTalkieDemoUITests.xctest; sourceTree = BUILT_PRODUCTS_DIR; };
		A4ED62FB28AA29C7000F08B1 /* WalkieTalkieDemoUITests.m */ = {isa = PBXFileReference; lastKnownFileType = sourcecode.c.objc; path = WalkieTalkieDemoUITests.m; sourceTree = "<group>"; };
		A4ED62FD28AA29C7000F08B1 /* WalkieTalkieDemoUITestsLaunchTests.m */ = {isa = PBXFileReference; lastKnownFileType = sourcecode.c.objc; path = WalkieTalkieDemoUITestsLaunchTests.m; sourceTree = "<group>"; };
		A4ED630E28AA3FC6000F08B1 /* ImageSources.xcassets */ = {isa = PBXFileReference; lastKnownFileType = folder.assetcatalog; path = ImageSources.xcassets; sourceTree = "<group>"; };
		A4ED631228AB95E5000F08B1 /* UIColor+Hex.h */ = {isa = PBXFileReference; lastKnownFileType = sourcecode.c.h; path = "UIColor+Hex.h"; sourceTree = "<group>"; };
		A4ED631328AB95E5000F08B1 /* UIColor+Hex.m */ = {isa = PBXFileReference; lastKnownFileType = sourcecode.c.objc; path = "UIColor+Hex.m"; sourceTree = "<group>"; };
		A4ED631928ABB8FB000F08B1 /* WorldVC.h */ = {isa = PBXFileReference; lastKnownFileType = sourcecode.c.h; path = WorldVC.h; sourceTree = "<group>"; };
		A4ED631A28ABB8FB000F08B1 /* WorldVC.m */ = {isa = PBXFileReference; lastKnownFileType = sourcecode.c.objc; path = WorldVC.m; sourceTree = "<group>"; };
		A4ED631C28ABB916000F08B1 /* ChannelVC.h */ = {isa = PBXFileReference; lastKnownFileType = sourcecode.c.h; path = ChannelVC.h; sourceTree = "<group>"; };
		A4ED631D28ABB916000F08B1 /* ChannelVC.m */ = {isa = PBXFileReference; lastKnownFileType = sourcecode.c.objc; path = ChannelVC.m; sourceTree = "<group>"; };
		DE61C4CB4C0B3FDEC6B3A3A2 /* Pods-WalkieTalkieDemo-WalkieTalkieDemoUITests.debug.xcconfig */ = {isa = PBXFileReference; includeInIndex = 1; lastKnownFileType = text.xcconfig; name = "Pods-WalkieTalkieDemo-WalkieTalkieDemoUITests.debug.xcconfig"; path = "Target Support Files/Pods-WalkieTalkieDemo-WalkieTalkieDemoUITests/Pods-WalkieTalkieDemo-WalkieTalkieDemoUITests.debug.xcconfig"; sourceTree = "<group>"; };
/* End PBXFileReference section */

/* Begin PBXFrameworksBuildPhase section */
		A4ED62CF28AA29C6000F08B1 /* Frameworks */ = {
			isa = PBXFrameworksBuildPhase;
			buildActionMask = 2147483647;
			files = (
				BCDA63AD9070B85AC8538541 /* Pods_WalkieTalkieDemo.framework in Frameworks */,
			);
			runOnlyForDeploymentPostprocessing = 0;
		};
		A4ED62EA28AA29C7000F08B1 /* Frameworks */ = {
			isa = PBXFrameworksBuildPhase;
			buildActionMask = 2147483647;
			files = (
				9263CC5D38AEE3E7F759315C /* Pods_WalkieTalkieDemoTests.framework in Frameworks */,
			);
			runOnlyForDeploymentPostprocessing = 0;
		};
		A4ED62F428AA29C7000F08B1 /* Frameworks */ = {
			isa = PBXFrameworksBuildPhase;
			buildActionMask = 2147483647;
			files = (
				D07BBE08667BF10A9B82D8D7 /* Pods_WalkieTalkieDemo_WalkieTalkieDemoUITests.framework in Frameworks */,
			);
			runOnlyForDeploymentPostprocessing = 0;
		};
/* End PBXFrameworksBuildPhase section */

/* Begin PBXGroup section */
		7F887598D4F197CE26172676 /* Pods */ = {
			isa = PBXGroup;
			children = (
				4DA7F60BD4F7C435511B9413 /* Pods-WalkieTalkieDemo.debug.xcconfig */,
				39794528B42C8880A31304CD /* Pods-WalkieTalkieDemo.release.xcconfig */,
				DE61C4CB4C0B3FDEC6B3A3A2 /* Pods-WalkieTalkieDemo-WalkieTalkieDemoUITests.debug.xcconfig */,
				1BAF78D7ABC3C46911F64933 /* Pods-WalkieTalkieDemo-WalkieTalkieDemoUITests.release.xcconfig */,
				0E09AF2E51FAB91E8471060F /* Pods-WalkieTalkieDemoTests.debug.xcconfig */,
				05DF6E3821E525D2C6254862 /* Pods-WalkieTalkieDemoTests.release.xcconfig */,
			);
			path = Pods;
			sourceTree = "<group>";
		};
		A408503E28BF05F100A141E4 /* MoreSetting */ = {
			isa = PBXGroup;
			children = (
				A408503F28BF061400A141E4 /* IPSettingVC.h */,
				A408504028BF061400A141E4 /* IPSettingVC.m */,
				A408504428BF4A2900A141E4 /* IPSetting.h */,
				A408504528BF4A2900A141E4 /* IPSetting.m */,
			);
			path = MoreSetting;
			sourceTree = "<group>";
		};
		A4A752FA28C1AA8B0027AD93 /* ToolKit */ = {
			isa = PBXGroup;
			children = (
				A408504228BF14A200A141E4 /* UIScreen.h */,
				A4A752FB28C1AAFC0027AD93 /* IPAddressValidate.h */,
				A4A752FC28C1AAFC0027AD93 /* IPAddressValidate.m */,
				A4A752FE28C1AB570027AD93 /* DeviceIPAddress.h */,
				A4A752FF28C1AB570027AD93 /* DeviceIPAddress.m */,
				A4A7530128C1B4E80027AD93 /* ZWAlignLabel.h */,
				A4A7530228C1B4E80027AD93 /* ZWAlignLabel.m */,
			);
			path = ToolKit;
			sourceTree = "<group>";
		};
		A4ED62C928AA29C6000F08B1 = {
			isa = PBXGroup;
			children = (
				A4ED62D428AA29C6000F08B1 /* WalkieTalkieDemo */,
				A4ED62F028AA29C7000F08B1 /* WalkieTalkieDemoTests */,
				A4ED62FA28AA29C7000F08B1 /* WalkieTalkieDemoUITests */,
				A4ED62D328AA29C6000F08B1 /* Products */,
				7F887598D4F197CE26172676 /* Pods */,
				E3C346E5A2DD22643DEDC33A /* Frameworks */,
			);
			sourceTree = "<group>";
		};
		A4ED62D328AA29C6000F08B1 /* Products */ = {
			isa = PBXGroup;
			children = (
				A4ED62D228AA29C6000F08B1 /* WalkieTalkieDemo.app */,
				A4ED62ED28AA29C7000F08B1 /* WalkieTalkieDemoTests.xctest */,
				A4ED62F728AA29C7000F08B1 /* WalkieTalkieDemoUITests.xctest */,
			);
			name = Products;
			sourceTree = "<group>";
		};
		A4ED62D428AA29C6000F08B1 /* WalkieTalkieDemo */ = {
			isa = PBXGroup;
			children = (
				A4A752FA28C1AA8B0027AD93 /* ToolKit */,
				A408503E28BF05F100A141E4 /* MoreSetting */,
				A4ED631628ABB797000F08B1 /* Tabs */,
				A4ED631128AB9590000F08B1 /* UIColor+Hex */,
				A4ED630B28AA3F49000F08B1 /* Sources */,
				A4ED62D528AA29C6000F08B1 /* AppDelegate.h */,
				A4ED62D628AA29C6000F08B1 /* AppDelegate.m */,
				A4ED62D828AA29C6000F08B1 /* SceneDelegate.h */,
				A4ED62D928AA29C6000F08B1 /* SceneDelegate.m */,
				A4ED62DB28AA29C6000F08B1 /* ViewController.h */,
				A4ED62DC28AA29C6000F08B1 /* ViewController.m */,
				A4ED62DE28AA29C6000F08B1 /* Main.storyboard */,
				A4ED62E128AA29C7000F08B1 /* Assets.xcassets */,
				A4ED62E328AA29C7000F08B1 /* LaunchScreen.storyboard */,
				A4ED62E628AA29C7000F08B1 /* Info.plist */,
				A4ED62E728AA29C7000F08B1 /* main.m */,
			);
			path = WalkieTalkieDemo;
			sourceTree = "<group>";
		};
		A4ED62F028AA29C7000F08B1 /* WalkieTalkieDemoTests */ = {
			isa = PBXGroup;
			children = (
				A4ED62F128AA29C7000F08B1 /* WalkieTalkieDemoTests.m */,
			);
			path = WalkieTalkieDemoTests;
			sourceTree = "<group>";
		};
		A4ED62FA28AA29C7000F08B1 /* WalkieTalkieDemoUITests */ = {
			isa = PBXGroup;
			children = (
				A4ED62FB28AA29C7000F08B1 /* WalkieTalkieDemoUITests.m */,
				A4ED62FD28AA29C7000F08B1 /* WalkieTalkieDemoUITestsLaunchTests.m */,
			);
			path = WalkieTalkieDemoUITests;
			sourceTree = "<group>";
		};
		A4ED630B28AA3F49000F08B1 /* Sources */ = {
			isa = PBXGroup;
			children = (
				A4ED630E28AA3FC6000F08B1 /* ImageSources.xcassets */,
			);
			path = Sources;
			sourceTree = "<group>";
		};
		A4ED631128AB9590000F08B1 /* UIColor+Hex */ = {
			isa = PBXGroup;
			children = (
				A4ED631228AB95E5000F08B1 /* UIColor+Hex.h */,
				A4ED631328AB95E5000F08B1 /* UIColor+Hex.m */,
			);
			path = "UIColor+Hex";
			sourceTree = "<group>";
		};
		A4ED631628ABB797000F08B1 /* Tabs */ = {
			isa = PBXGroup;
			children = (
				A4ED631828ABB7B3000F08B1 /* World */,
				A4ED631728ABB7A8000F08B1 /* Channel */,
			);
			path = Tabs;
			sourceTree = "<group>";
		};
		A4ED631728ABB7A8000F08B1 /* Channel */ = {
			isa = PBXGroup;
			children = (
				A4ED631C28ABB916000F08B1 /* ChannelVC.h */,
				A4ED631D28ABB916000F08B1 /* ChannelVC.m */,
			);
			path = Channel;
			sourceTree = "<group>";
		};
		A4ED631828ABB7B3000F08B1 /* World */ = {
			isa = PBXGroup;
			children = (
				A4ED631928ABB8FB000F08B1 /* WorldVC.h */,
				A4ED631A28ABB8FB000F08B1 /* WorldVC.m */,
			);
			path = World;
			sourceTree = "<group>";
		};
		E3C346E5A2DD22643DEDC33A /* Frameworks */ = {
			isa = PBXGroup;
			children = (
				680BA34EA5DDF29FFF7453DA /* Pods_WalkieTalkieDemo.framework */,
				62E2260E976C4EE0D7D3E350 /* Pods_WalkieTalkieDemo_WalkieTalkieDemoUITests.framework */,
				85ED8BDEF49245CADBF3AA81 /* Pods_WalkieTalkieDemoTests.framework */,
			);
			name = Frameworks;
			sourceTree = "<group>";
		};
/* End PBXGroup section */

/* Begin PBXNativeTarget section */
		A4ED62D128AA29C6000F08B1 /* WalkieTalkieDemo */ = {
			isa = PBXNativeTarget;
			buildConfigurationList = A4ED630128AA29C7000F08B1 /* Build configuration list for PBXNativeTarget "WalkieTalkieDemo" */;
			buildPhases = (
				02CB1BF21892EFD0F78C01CD /* [CP] Check Pods Manifest.lock */,
				A4ED62CE28AA29C6000F08B1 /* Sources */,
				A4ED62CF28AA29C6000F08B1 /* Frameworks */,
				A4ED62D028AA29C6000F08B1 /* Resources */,
				E76BA4A3935CDE419F51C4AD /* [CP] Embed Pods Frameworks */,
				DFDA390EBCE7FBAAF3A31302 /* [CP] Copy Pods Resources */,
			);
			buildRules = (
			);
			dependencies = (
			);
			name = WalkieTalkieDemo;
			productName = WalkieTalkieDemo;
			productReference = A4ED62D228AA29C6000F08B1 /* WalkieTalkieDemo.app */;
			productType = "com.apple.product-type.application";
		};
		A4ED62EC28AA29C7000F08B1 /* WalkieTalkieDemoTests */ = {
			isa = PBXNativeTarget;
			buildConfigurationList = A4ED630428AA29C7000F08B1 /* Build configuration list for PBXNativeTarget "WalkieTalkieDemoTests" */;
			buildPhases = (
				5644322E2CF733C2D28280F1 /* [CP] Check Pods Manifest.lock */,
				A4ED62E928AA29C7000F08B1 /* Sources */,
				A4ED62EA28AA29C7000F08B1 /* Frameworks */,
				A4ED62EB28AA29C7000F08B1 /* Resources */,
			);
			buildRules = (
			);
			dependencies = (
				A4ED62EF28AA29C7000F08B1 /* PBXTargetDependency */,
			);
			name = WalkieTalkieDemoTests;
			productName = WalkieTalkieDemoTests;
			productReference = A4ED62ED28AA29C7000F08B1 /* WalkieTalkieDemoTests.xctest */;
			productType = "com.apple.product-type.bundle.unit-test";
		};
		A4ED62F628AA29C7000F08B1 /* WalkieTalkieDemoUITests */ = {
			isa = PBXNativeTarget;
			buildConfigurationList = A4ED630728AA29C7000F08B1 /* Build configuration list for PBXNativeTarget "WalkieTalkieDemoUITests" */;
			buildPhases = (
				29618F5442DBADDEA985CEB8 /* [CP] Check Pods Manifest.lock */,
				A4ED62F328AA29C7000F08B1 /* Sources */,
				A4ED62F428AA29C7000F08B1 /* Frameworks */,
				A4ED62F528AA29C7000F08B1 /* Resources */,
				D86A7DA86DFBEE20FFA33261 /* [CP] Embed Pods Frameworks */,
				BABFB02981FCA803983B0811 /* [CP] Copy Pods Resources */,
			);
			buildRules = (
			);
			dependencies = (
				A4ED62F928AA29C7000F08B1 /* PBXTargetDependency */,
			);
			name = WalkieTalkieDemoUITests;
			productName = WalkieTalkieDemoUITests;
			productReference = A4ED62F728AA29C7000F08B1 /* WalkieTalkieDemoUITests.xctest */;
			productType = "com.apple.product-type.bundle.ui-testing";
		};
/* End PBXNativeTarget section */

/* Begin PBXProject section */
		A4ED62CA28AA29C6000F08B1 /* Project object */ = {
			isa = PBXProject;
			attributes = {
				BuildIndependentTargetsInParallel = 1;
				LastUpgradeCheck = 1340;
				TargetAttributes = {
					A4ED62D128AA29C6000F08B1 = {
						CreatedOnToolsVersion = 13.4.1;
					};
					A4ED62EC28AA29C7000F08B1 = {
						CreatedOnToolsVersion = 13.4.1;
						TestTargetID = A4ED62D128AA29C6000F08B1;
					};
					A4ED62F628AA29C7000F08B1 = {
						CreatedOnToolsVersion = 13.4.1;
						TestTargetID = A4ED62D128AA29C6000F08B1;
					};
				};
			};
			buildConfigurationList = A4ED62CD28AA29C6000F08B1 /* Build configuration list for PBXProject "WalkieTalkieDemo" */;
			compatibilityVersion = "Xcode 13.0";
			developmentRegion = en;
			hasScannedForEncodings = 0;
			knownRegions = (
				en,
				Base,
			);
			mainGroup = A4ED62C928AA29C6000F08B1;
			productRefGroup = A4ED62D328AA29C6000F08B1 /* Products */;
			projectDirPath = "";
			projectRoot = "";
			targets = (
				A4ED62D128AA29C6000F08B1 /* WalkieTalkieDemo */,
				A4ED62EC28AA29C7000F08B1 /* WalkieTalkieDemoTests */,
				A4ED62F628AA29C7000F08B1 /* WalkieTalkieDemoUITests */,
			);
		};
/* End PBXProject section */

/* Begin PBXResourcesBuildPhase section */
		A4ED62D028AA29C6000F08B1 /* Resources */ = {
			isa = PBXResourcesBuildPhase;
			buildActionMask = 2147483647;
			files = (
				A4ED630F28AA3FC6000F08B1 /* ImageSources.xcassets in Resources */,
				A4ED62E528AA29C7000F08B1 /* LaunchScreen.storyboard in Resources */,
				A4ED62E228AA29C7000F08B1 /* Assets.xcassets in Resources */,
				A4ED62E028AA29C6000F08B1 /* Main.storyboard in Resources */,
			);
			runOnlyForDeploymentPostprocessing = 0;
		};
		A4ED62EB28AA29C7000F08B1 /* Resources */ = {
			isa = PBXResourcesBuildPhase;
			buildActionMask = 2147483647;
			files = (
			);
			runOnlyForDeploymentPostprocessing = 0;
		};
		A4ED62F528AA29C7000F08B1 /* Resources */ = {
			isa = PBXResourcesBuildPhase;
			buildActionMask = 2147483647;
			files = (
			);
			runOnlyForDeploymentPostprocessing = 0;
		};
/* End PBXResourcesBuildPhase section */

/* Begin PBXShellScriptBuildPhase section */
		02CB1BF21892EFD0F78C01CD /* [CP] Check Pods Manifest.lock */ = {
			isa = PBXShellScriptBuildPhase;
			buildActionMask = 2147483647;
			files = (
			);
			inputFileListPaths = (
			);
			inputPaths = (
				"${PODS_PODFILE_DIR_PATH}/Podfile.lock",
				"${PODS_ROOT}/Manifest.lock",
			);
			name = "[CP] Check Pods Manifest.lock";
			outputFileListPaths = (
			);
			outputPaths = (
				"$(DERIVED_FILE_DIR)/Pods-WalkieTalkieDemo-checkManifestLockResult.txt",
			);
			runOnlyForDeploymentPostprocessing = 0;
			shellPath = /bin/sh;
			shellScript = "diff \"${PODS_PODFILE_DIR_PATH}/Podfile.lock\" \"${PODS_ROOT}/Manifest.lock\" > /dev/null\nif [ $? != 0 ] ; then\n    # print error to STDERR\n    echo \"error: The sandbox is not in sync with the Podfile.lock. Run 'pod install' or update your CocoaPods installation.\" >&2\n    exit 1\nfi\n# This output is used by Xcode 'outputs' to avoid re-running this script phase.\necho \"SUCCESS\" > \"${SCRIPT_OUTPUT_FILE_0}\"\n";
			showEnvVarsInLog = 0;
		};
		29618F5442DBADDEA985CEB8 /* [CP] Check Pods Manifest.lock */ = {
			isa = PBXShellScriptBuildPhase;
			buildActionMask = 2147483647;
			files = (
			);
			inputFileListPaths = (
			);
			inputPaths = (
				"${PODS_PODFILE_DIR_PATH}/Podfile.lock",
				"${PODS_ROOT}/Manifest.lock",
			);
			name = "[CP] Check Pods Manifest.lock";
			outputFileListPaths = (
			);
			outputPaths = (
				"$(DERIVED_FILE_DIR)/Pods-WalkieTalkieDemo-WalkieTalkieDemoUITests-checkManifestLockResult.txt",
			);
			runOnlyForDeploymentPostprocessing = 0;
			shellPath = /bin/sh;
			shellScript = "diff \"${PODS_PODFILE_DIR_PATH}/Podfile.lock\" \"${PODS_ROOT}/Manifest.lock\" > /dev/null\nif [ $? != 0 ] ; then\n    # print error to STDERR\n    echo \"error: The sandbox is not in sync with the Podfile.lock. Run 'pod install' or update your CocoaPods installation.\" >&2\n    exit 1\nfi\n# This output is used by Xcode 'outputs' to avoid re-running this script phase.\necho \"SUCCESS\" > \"${SCRIPT_OUTPUT_FILE_0}\"\n";
			showEnvVarsInLog = 0;
		};
		5644322E2CF733C2D28280F1 /* [CP] Check Pods Manifest.lock */ = {
			isa = PBXShellScriptBuildPhase;
			buildActionMask = 2147483647;
			files = (
			);
			inputFileListPaths = (
			);
			inputPaths = (
				"${PODS_PODFILE_DIR_PATH}/Podfile.lock",
				"${PODS_ROOT}/Manifest.lock",
			);
			name = "[CP] Check Pods Manifest.lock";
			outputFileListPaths = (
			);
			outputPaths = (
				"$(DERIVED_FILE_DIR)/Pods-WalkieTalkieDemoTests-checkManifestLockResult.txt",
			);
			runOnlyForDeploymentPostprocessing = 0;
			shellPath = /bin/sh;
			shellScript = "diff \"${PODS_PODFILE_DIR_PATH}/Podfile.lock\" \"${PODS_ROOT}/Manifest.lock\" > /dev/null\nif [ $? != 0 ] ; then\n    # print error to STDERR\n    echo \"error: The sandbox is not in sync with the Podfile.lock. Run 'pod install' or update your CocoaPods installation.\" >&2\n    exit 1\nfi\n# This output is used by Xcode 'outputs' to avoid re-running this script phase.\necho \"SUCCESS\" > \"${SCRIPT_OUTPUT_FILE_0}\"\n";
			showEnvVarsInLog = 0;
		};
		BABFB02981FCA803983B0811 /* [CP] Copy Pods Resources */ = {
			isa = PBXShellScriptBuildPhase;
			buildActionMask = 2147483647;
			files = (
			);
			inputFileListPaths = (
				"${PODS_ROOT}/Target Support Files/Pods-WalkieTalkieDemo-WalkieTalkieDemoUITests/Pods-WalkieTalkieDemo-WalkieTalkieDemoUITests-resources-${CONFIGURATION}-input-files.xcfilelist",
			);
			name = "[CP] Copy Pods Resources";
			outputFileListPaths = (
				"${PODS_ROOT}/Target Support Files/Pods-WalkieTalkieDemo-WalkieTalkieDemoUITests/Pods-WalkieTalkieDemo-WalkieTalkieDemoUITests-resources-${CONFIGURATION}-output-files.xcfilelist",
			);
			runOnlyForDeploymentPostprocessing = 0;
			shellPath = /bin/sh;
			shellScript = "\"${PODS_ROOT}/Target Support Files/Pods-WalkieTalkieDemo-WalkieTalkieDemoUITests/Pods-WalkieTalkieDemo-WalkieTalkieDemoUITests-resources.sh\"\n";
			showEnvVarsInLog = 0;
		};
		D86A7DA86DFBEE20FFA33261 /* [CP] Embed Pods Frameworks */ = {
			isa = PBXShellScriptBuildPhase;
			buildActionMask = 2147483647;
			files = (
			);
			inputFileListPaths = (
				"${PODS_ROOT}/Target Support Files/Pods-WalkieTalkieDemo-WalkieTalkieDemoUITests/Pods-WalkieTalkieDemo-WalkieTalkieDemoUITests-frameworks-${CONFIGURATION}-input-files.xcfilelist",
			);
			name = "[CP] Embed Pods Frameworks";
			outputFileListPaths = (
				"${PODS_ROOT}/Target Support Files/Pods-WalkieTalkieDemo-WalkieTalkieDemoUITests/Pods-WalkieTalkieDemo-WalkieTalkieDemoUITests-frameworks-${CONFIGURATION}-output-files.xcfilelist",
			);
			runOnlyForDeploymentPostprocessing = 0;
			shellPath = /bin/sh;
			shellScript = "\"${PODS_ROOT}/Target Support Files/Pods-WalkieTalkieDemo-WalkieTalkieDemoUITests/Pods-WalkieTalkieDemo-WalkieTalkieDemoUITests-frameworks.sh\"\n";
			showEnvVarsInLog = 0;
		};
		DFDA390EBCE7FBAAF3A31302 /* [CP] Copy Pods Resources */ = {
			isa = PBXShellScriptBuildPhase;
			buildActionMask = 2147483647;
			files = (
			);
			inputFileListPaths = (
				"${PODS_ROOT}/Target Support Files/Pods-WalkieTalkieDemo/Pods-WalkieTalkieDemo-resources-${CONFIGURATION}-input-files.xcfilelist",
			);
			name = "[CP] Copy Pods Resources";
			outputFileListPaths = (
				"${PODS_ROOT}/Target Support Files/Pods-WalkieTalkieDemo/Pods-WalkieTalkieDemo-resources-${CONFIGURATION}-output-files.xcfilelist",
			);
			runOnlyForDeploymentPostprocessing = 0;
			shellPath = /bin/sh;
			shellScript = "\"${PODS_ROOT}/Target Support Files/Pods-WalkieTalkieDemo/Pods-WalkieTalkieDemo-resources.sh\"\n";
			showEnvVarsInLog = 0;
		};
		E76BA4A3935CDE419F51C4AD /* [CP] Embed Pods Frameworks */ = {
			isa = PBXShellScriptBuildPhase;
			buildActionMask = 2147483647;
			files = (
			);
			inputFileListPaths = (
				"${PODS_ROOT}/Target Support Files/Pods-WalkieTalkieDemo/Pods-WalkieTalkieDemo-frameworks-${CONFIGURATION}-input-files.xcfilelist",
			);
			name = "[CP] Embed Pods Frameworks";
			outputFileListPaths = (
				"${PODS_ROOT}/Target Support Files/Pods-WalkieTalkieDemo/Pods-WalkieTalkieDemo-frameworks-${CONFIGURATION}-output-files.xcfilelist",
			);
			runOnlyForDeploymentPostprocessing = 0;
			shellPath = /bin/sh;
			shellScript = "\"${PODS_ROOT}/Target Support Files/Pods-WalkieTalkieDemo/Pods-WalkieTalkieDemo-frameworks.sh\"\n";
			showEnvVarsInLog = 0;
		};
/* End PBXShellScriptBuildPhase section */

/* Begin PBXSourcesBuildPhase section */
		A4ED62CE28AA29C6000F08B1 /* Sources */ = {
			isa = PBXSourcesBuildPhase;
			buildActionMask = 2147483647;
			files = (
				A408504128BF061400A141E4 /* IPSettingVC.m in Sources */,
				A4ED631E28ABB916000F08B1 /* ChannelVC.m in Sources */,
				A4A7530028C1AB570027AD93 /* DeviceIPAddress.m in Sources */,
				A4ED62DD28AA29C6000F08B1 /* ViewController.m in Sources */,
				A4ED631428AB95E5000F08B1 /* UIColor+Hex.m in Sources */,
				A4A7530328C1B4E80027AD93 /* ZWAlignLabel.m in Sources */,
				A408504628BF4A2900A141E4 /* IPSetting.m in Sources */,
				A4ED62D728AA29C6000F08B1 /* AppDelegate.m in Sources */,
				A4ED62E828AA29C7000F08B1 /* main.m in Sources */,
				A4A752FD28C1AAFC0027AD93 /* IPAddressValidate.m in Sources */,
				A4ED62DA28AA29C6000F08B1 /* SceneDelegate.m in Sources */,
				A4ED631B28ABB8FB000F08B1 /* WorldVC.m in Sources */,
			);
			runOnlyForDeploymentPostprocessing = 0;
		};
		A4ED62E928AA29C7000F08B1 /* Sources */ = {
			isa = PBXSourcesBuildPhase;
			buildActionMask = 2147483647;
			files = (
				A4ED62F228AA29C7000F08B1 /* WalkieTalkieDemoTests.m in Sources */,
			);
			runOnlyForDeploymentPostprocessing = 0;
		};
		A4ED62F328AA29C7000F08B1 /* Sources */ = {
			isa = PBXSourcesBuildPhase;
			buildActionMask = 2147483647;
			files = (
				A4ED62FE28AA29C7000F08B1 /* WalkieTalkieDemoUITestsLaunchTests.m in Sources */,
				A4ED62FC28AA29C7000F08B1 /* WalkieTalkieDemoUITests.m in Sources */,
			);
			runOnlyForDeploymentPostprocessing = 0;
		};
/* End PBXSourcesBuildPhase section */

/* Begin PBXTargetDependency section */
		A4ED62EF28AA29C7000F08B1 /* PBXTargetDependency */ = {
			isa = PBXTargetDependency;
			target = A4ED62D128AA29C6000F08B1 /* WalkieTalkieDemo */;
			targetProxy = A4ED62EE28AA29C7000F08B1 /* PBXContainerItemProxy */;
		};
		A4ED62F928AA29C7000F08B1 /* PBXTargetDependency */ = {
			isa = PBXTargetDependency;
			target = A4ED62D128AA29C6000F08B1 /* WalkieTalkieDemo */;
			targetProxy = A4ED62F828AA29C7000F08B1 /* PBXContainerItemProxy */;
		};
/* End PBXTargetDependency section */

/* Begin PBXVariantGroup section */
		A4ED62DE28AA29C6000F08B1 /* Main.storyboard */ = {
			isa = PBXVariantGroup;
			children = (
				A4ED62DF28AA29C6000F08B1 /* Base */,
			);
			name = Main.storyboard;
			sourceTree = "<group>";
		};
		A4ED62E328AA29C7000F08B1 /* LaunchScreen.storyboard */ = {
			isa = PBXVariantGroup;
			children = (
				A4ED62E428AA29C7000F08B1 /* Base */,
			);
			name = LaunchScreen.storyboard;
			sourceTree = "<group>";
		};
/* End PBXVariantGroup section */

/* Begin XCBuildConfiguration section */
		A4ED62FF28AA29C7000F08B1 /* Debug */ = {
			isa = XCBuildConfiguration;
			buildSettings = {
				ALWAYS_SEARCH_USER_PATHS = NO;
				CLANG_ANALYZER_NONNULL = YES;
				CLANG_ANALYZER_NUMBER_OBJECT_CONVERSION = YES_AGGRESSIVE;
				CLANG_CXX_LANGUAGE_STANDARD = "gnu++17";
				CLANG_ENABLE_MODULES = YES;
				CLANG_ENABLE_OBJC_ARC = YES;
				CLANG_ENABLE_OBJC_WEAK = YES;
				CLANG_WARN_BLOCK_CAPTURE_AUTORELEASING = YES;
				CLANG_WARN_BOOL_CONVERSION = YES;
				CLANG_WARN_COMMA = YES;
				CLANG_WARN_CONSTANT_CONVERSION = YES;
				CLANG_WARN_DEPRECATED_OBJC_IMPLEMENTATIONS = YES;
				CLANG_WARN_DIRECT_OBJC_ISA_USAGE = YES_ERROR;
				CLANG_WARN_DOCUMENTATION_COMMENTS = YES;
				CLANG_WARN_EMPTY_BODY = YES;
				CLANG_WARN_ENUM_CONVERSION = YES;
				CLANG_WARN_INFINITE_RECURSION = YES;
				CLANG_WARN_INT_CONVERSION = YES;
				CLANG_WARN_NON_LITERAL_NULL_CONVERSION = YES;
				CLANG_WARN_OBJC_IMPLICIT_RETAIN_SELF = YES;
				CLANG_WARN_OBJC_LITERAL_CONVERSION = YES;
				CLANG_WARN_OBJC_ROOT_CLASS = YES_ERROR;
				CLANG_WARN_QUOTED_INCLUDE_IN_FRAMEWORK_HEADER = YES;
				CLANG_WARN_RANGE_LOOP_ANALYSIS = YES;
				CLANG_WARN_STRICT_PROTOTYPES = YES;
				CLANG_WARN_SUSPICIOUS_MOVE = YES;
				CLANG_WARN_UNGUARDED_AVAILABILITY = YES_AGGRESSIVE;
				CLANG_WARN_UNREACHABLE_CODE = YES;
				CLANG_WARN__DUPLICATE_METHOD_MATCH = YES;
				COPY_PHASE_STRIP = NO;
				DEBUG_INFORMATION_FORMAT = dwarf;
				ENABLE_BITCODE = NO;
				ENABLE_STRICT_OBJC_MSGSEND = YES;
				ENABLE_TESTABILITY = YES;
				GCC_C_LANGUAGE_STANDARD = gnu11;
				GCC_DYNAMIC_NO_PIC = NO;
				GCC_NO_COMMON_BLOCKS = YES;
				GCC_OPTIMIZATION_LEVEL = 0;
				GCC_PREPROCESSOR_DEFINITIONS = (
					"DEBUG=1",
					"$(inherited)",
				);
				GCC_WARN_64_TO_32_BIT_CONVERSION = YES;
				GCC_WARN_ABOUT_RETURN_TYPE = YES_ERROR;
				GCC_WARN_UNDECLARED_SELECTOR = YES;
				GCC_WARN_UNINITIALIZED_AUTOS = YES_AGGRESSIVE;
				GCC_WARN_UNUSED_FUNCTION = YES;
				GCC_WARN_UNUSED_VARIABLE = YES;
				IPHONEOS_DEPLOYMENT_TARGET = 15.5;
				MTL_ENABLE_DEBUG_INFO = INCLUDE_SOURCE;
				MTL_FAST_MATH = YES;
				ONLY_ACTIVE_ARCH = YES;
				SDKROOT = iphoneos;
			};
			name = Debug;
		};
		A4ED630028AA29C7000F08B1 /* Release */ = {
			isa = XCBuildConfiguration;
			buildSettings = {
				ALWAYS_SEARCH_USER_PATHS = NO;
				CLANG_ANALYZER_NONNULL = YES;
				CLANG_ANALYZER_NUMBER_OBJECT_CONVERSION = YES_AGGRESSIVE;
				CLANG_CXX_LANGUAGE_STANDARD = "gnu++17";
				CLANG_ENABLE_MODULES = YES;
				CLANG_ENABLE_OBJC_ARC = YES;
				CLANG_ENABLE_OBJC_WEAK = YES;
				CLANG_WARN_BLOCK_CAPTURE_AUTORELEASING = YES;
				CLANG_WARN_BOOL_CONVERSION = YES;
				CLANG_WARN_COMMA = YES;
				CLANG_WARN_CONSTANT_CONVERSION = YES;
				CLANG_WARN_DEPRECATED_OBJC_IMPLEMENTATIONS = YES;
				CLANG_WARN_DIRECT_OBJC_ISA_USAGE = YES_ERROR;
				CLANG_WARN_DOCUMENTATION_COMMENTS = YES;
				CLANG_WARN_EMPTY_BODY = YES;
				CLANG_WARN_ENUM_CONVERSION = YES;
				CLANG_WARN_INFINITE_RECURSION = YES;
				CLANG_WARN_INT_CONVERSION = YES;
				CLANG_WARN_NON_LITERAL_NULL_CONVERSION = YES;
				CLANG_WARN_OBJC_IMPLICIT_RETAIN_SELF = YES;
				CLANG_WARN_OBJC_LITERAL_CONVERSION = YES;
				CLANG_WARN_OBJC_ROOT_CLASS = YES_ERROR;
				CLANG_WARN_QUOTED_INCLUDE_IN_FRAMEWORK_HEADER = YES;
				CLANG_WARN_RANGE_LOOP_ANALYSIS = YES;
				CLANG_WARN_STRICT_PROTOTYPES = YES;
				CLANG_WARN_SUSPICIOUS_MOVE = YES;
				CLANG_WARN_UNGUARDED_AVAILABILITY = YES_AGGRESSIVE;
				CLANG_WARN_UNREACHABLE_CODE = YES;
				CLANG_WARN__DUPLICATE_METHOD_MATCH = YES;
				COPY_PHASE_STRIP = NO;
				DEBUG_INFORMATION_FORMAT = "dwarf-with-dsym";
				ENABLE_BITCODE = NO;
				ENABLE_NS_ASSERTIONS = NO;
				ENABLE_STRICT_OBJC_MSGSEND = YES;
				GCC_C_LANGUAGE_STANDARD = gnu11;
				GCC_NO_COMMON_BLOCKS = YES;
				GCC_WARN_64_TO_32_BIT_CONVERSION = YES;
				GCC_WARN_ABOUT_RETURN_TYPE = YES_ERROR;
				GCC_WARN_UNDECLARED_SELECTOR = YES;
				GCC_WARN_UNINITIALIZED_AUTOS = YES_AGGRESSIVE;
				GCC_WARN_UNUSED_FUNCTION = YES;
				GCC_WARN_UNUSED_VARIABLE = YES;
				IPHONEOS_DEPLOYMENT_TARGET = 15.5;
				MTL_ENABLE_DEBUG_INFO = NO;
				MTL_FAST_MATH = YES;
				SDKROOT = iphoneos;
				VALIDATE_PRODUCT = YES;
			};
			name = Release;
		};
		A4ED630228AA29C7000F08B1 /* Debug */ = {
			isa = XCBuildConfiguration;
			baseConfigurationReference = 4DA7F60BD4F7C435511B9413 /* Pods-WalkieTalkieDemo.debug.xcconfig */;
			buildSettings = {
				ASSETCATALOG_COMPILER_APPICON_NAME = AppIcon;
				ASSETCATALOG_COMPILER_GLOBAL_ACCENT_COLOR_NAME = AccentColor;
				CODE_SIGN_STYLE = Automatic;
				CURRENT_PROJECT_VERSION = 1;
				DEVELOPMENT_TEAM = PC8ALQ6DAN;
				ENABLE_BITCODE = NO;
				GENERATE_INFOPLIST_FILE = YES;
				INFOPLIST_FILE = WalkieTalkieDemo/Info.plist;
				INFOPLIST_KEY_NSMicrophoneUsageDescription = microphoneDesciption;
				INFOPLIST_KEY_UIApplicationSupportsIndirectInputEvents = YES;
				INFOPLIST_KEY_UILaunchStoryboardName = LaunchScreen;
				INFOPLIST_KEY_UIMainStoryboardFile = Main;
				INFOPLIST_KEY_UISupportedInterfaceOrientations = UIInterfaceOrientationPortrait;
				INFOPLIST_KEY_UISupportedInterfaceOrientations_iPad = "UIInterfaceOrientationPortrait UIInterfaceOrientationPortraitUpsideDown UIInterfaceOrientationLandscapeLeft UIInterfaceOrientationLandscapeRight";
				INFOPLIST_KEY_UISupportedInterfaceOrientations_iPhone = "UIInterfaceOrientationPortrait UIInterfaceOrientationLandscapeLeft UIInterfaceOrientationLandscapeRight";
				LD_RUNPATH_SEARCH_PATHS = (
					"$(inherited)",
					"@executable_path/Frameworks",
				);
				MARKETING_VERSION = 1.0;
				PRODUCT_BUNDLE_IDENTIFIER = com.ming.WalkieTalkieDemo;
				PRODUCT_NAME = "$(TARGET_NAME)";
				SWIFT_EMIT_LOC_STRINGS = YES;
				TARGETED_DEVICE_FAMILY = 1;
			};
			name = Debug;
		};
		A4ED630328AA29C7000F08B1 /* Release */ = {
			isa = XCBuildConfiguration;
			baseConfigurationReference = 39794528B42C8880A31304CD /* Pods-WalkieTalkieDemo.release.xcconfig */;
			buildSettings = {
				ASSETCATALOG_COMPILER_APPICON_NAME = AppIcon;
				ASSETCATALOG_COMPILER_GLOBAL_ACCENT_COLOR_NAME = AccentColor;
				CODE_SIGN_STYLE = Automatic;
				CURRENT_PROJECT_VERSION = 1;
				DEVELOPMENT_TEAM = PC8ALQ6DAN;
				ENABLE_BITCODE = NO;
				GENERATE_INFOPLIST_FILE = YES;
				INFOPLIST_FILE = WalkieTalkieDemo/Info.plist;
				INFOPLIST_KEY_NSMicrophoneUsageDescription = microphoneDesciption;
				INFOPLIST_KEY_UIApplicationSupportsIndirectInputEvents = YES;
				INFOPLIST_KEY_UILaunchStoryboardName = LaunchScreen;
				INFOPLIST_KEY_UIMainStoryboardFile = Main;
				INFOPLIST_KEY_UISupportedInterfaceOrientations = UIInterfaceOrientationPortrait;
				INFOPLIST_KEY_UISupportedInterfaceOrientations_iPad = "UIInterfaceOrientationPortrait UIInterfaceOrientationPortraitUpsideDown UIInterfaceOrientationLandscapeLeft UIInterfaceOrientationLandscapeRight";
				INFOPLIST_KEY_UISupportedInterfaceOrientations_iPhone = "UIInterfaceOrientationPortrait UIInterfaceOrientationLandscapeLeft UIInterfaceOrientationLandscapeRight";
				LD_RUNPATH_SEARCH_PATHS = (
					"$(inherited)",
					"@executable_path/Frameworks",
				);
				MARKETING_VERSION = 1.0;
				PRODUCT_BUNDLE_IDENTIFIER = com.ming.WalkieTalkieDemo;
				PRODUCT_NAME = "$(TARGET_NAME)";
				SWIFT_EMIT_LOC_STRINGS = YES;
				TARGETED_DEVICE_FAMILY = 1;
			};
			name = Release;
		};
		A4ED630528AA29C7000F08B1 /* Debug */ = {
			isa = XCBuildConfiguration;
			baseConfigurationReference = 0E09AF2E51FAB91E8471060F /* Pods-WalkieTalkieDemoTests.debug.xcconfig */;
			buildSettings = {
				BUNDLE_LOADER = "$(TEST_HOST)";
				CODE_SIGN_STYLE = Automatic;
				CURRENT_PROJECT_VERSION = 1;
				DEVELOPMENT_TEAM = PC8ALQ6DAN;
				GENERATE_INFOPLIST_FILE = YES;
				IPHONEOS_DEPLOYMENT_TARGET = 15.5;
				MARKETING_VERSION = 1.0;
				PRODUCT_BUNDLE_IDENTIFIER = com.ming.WalkieTalkieDemoTests;
				PRODUCT_NAME = "$(TARGET_NAME)";
				SWIFT_EMIT_LOC_STRINGS = NO;
				TARGETED_DEVICE_FAMILY = "1,2";
				TEST_HOST = "$(BUILT_PRODUCTS_DIR)/WalkieTalkieDemo.app/WalkieTalkieDemo";
			};
			name = Debug;
		};
		A4ED630628AA29C7000F08B1 /* Release */ = {
			isa = XCBuildConfiguration;
			baseConfigurationReference = 05DF6E3821E525D2C6254862 /* Pods-WalkieTalkieDemoTests.release.xcconfig */;
			buildSettings = {
				BUNDLE_LOADER = "$(TEST_HOST)";
				CODE_SIGN_STYLE = Automatic;
				CURRENT_PROJECT_VERSION = 1;
				DEVELOPMENT_TEAM = PC8ALQ6DAN;
				GENERATE_INFOPLIST_FILE = YES;
				IPHONEOS_DEPLOYMENT_TARGET = 15.5;
				MARKETING_VERSION = 1.0;
				PRODUCT_BUNDLE_IDENTIFIER = com.ming.WalkieTalkieDemoTests;
				PRODUCT_NAME = "$(TARGET_NAME)";
				SWIFT_EMIT_LOC_STRINGS = NO;
				TARGETED_DEVICE_FAMILY = "1,2";
				TEST_HOST = "$(BUILT_PRODUCTS_DIR)/WalkieTalkieDemo.app/WalkieTalkieDemo";
			};
			name = Release;
		};
		A4ED630828AA29C7000F08B1 /* Debug */ = {
			isa = XCBuildConfiguration;
			baseConfigurationReference = DE61C4CB4C0B3FDEC6B3A3A2 /* Pods-WalkieTalkieDemo-WalkieTalkieDemoUITests.debug.xcconfig */;
			buildSettings = {
				CODE_SIGN_STYLE = Automatic;
				CURRENT_PROJECT_VERSION = 1;
				DEVELOPMENT_TEAM = PC8ALQ6DAN;
				GENERATE_INFOPLIST_FILE = YES;
				MARKETING_VERSION = 1.0;
				PRODUCT_BUNDLE_IDENTIFIER = com.ming.WalkieTalkieDemoUITests;
				PRODUCT_NAME = "$(TARGET_NAME)";
				SWIFT_EMIT_LOC_STRINGS = NO;
				TARGETED_DEVICE_FAMILY = "1,2";
				TEST_TARGET_NAME = WalkieTalkieDemo;
			};
			name = Debug;
		};
		A4ED630928AA29C7000F08B1 /* Release */ = {
			isa = XCBuildConfiguration;
			baseConfigurationReference = 1BAF78D7ABC3C46911F64933 /* Pods-WalkieTalkieDemo-WalkieTalkieDemoUITests.release.xcconfig */;
			buildSettings = {
				CODE_SIGN_STYLE = Automatic;
				CURRENT_PROJECT_VERSION = 1;
				DEVELOPMENT_TEAM = PC8ALQ6DAN;
				GENERATE_INFOPLIST_FILE = YES;
				MARKETING_VERSION = 1.0;
				PRODUCT_BUNDLE_IDENTIFIER = com.ming.WalkieTalkieDemoUITests;
				PRODUCT_NAME = "$(TARGET_NAME)";
				SWIFT_EMIT_LOC_STRINGS = NO;
				TARGETED_DEVICE_FAMILY = "1,2";
				TEST_TARGET_NAME = WalkieTalkieDemo;
			};
			name = Release;
		};
/* End XCBuildConfiguration section */

/* Begin XCConfigurationList section */
		A4ED62CD28AA29C6000F08B1 /* Build configuration list for PBXProject "WalkieTalkieDemo" */ = {
			isa = XCConfigurationList;
			buildConfigurations = (
				A4ED62FF28AA29C7000F08B1 /* Debug */,
				A4ED630028AA29C7000F08B1 /* Release */,
			);
			defaultConfigurationIsVisible = 0;
			defaultConfigurationName = Release;
		};
		A4ED630128AA29C7000F08B1 /* Build configuration list for PBXNativeTarget "WalkieTalkieDemo" */ = {
			isa = XCConfigurationList;
			buildConfigurations = (
				A4ED630228AA29C7000F08B1 /* Debug */,
				A4ED630328AA29C7000F08B1 /* Release */,
			);
			defaultConfigurationIsVisible = 0;
			defaultConfigurationName = Release;
		};
		A4ED630428AA29C7000F08B1 /* Build configuration list for PBXNativeTarget "WalkieTalkieDemoTests" */ = {
			isa = XCConfigurationList;
			buildConfigurations = (
				A4ED630528AA29C7000F08B1 /* Debug */,
				A4ED630628AA29C7000F08B1 /* Release */,
			);
			defaultConfigurationIsVisible = 0;
			defaultConfigurationName = Release;
		};
		A4ED630728AA29C7000F08B1 /* Build configuration list for PBXNativeTarget "WalkieTalkieDemoUITests" */ = {
			isa = XCConfigurationList;
			buildConfigurations = (
				A4ED630828AA29C7000F08B1 /* Debug */,
				A4ED630928AA29C7000F08B1 /* Release */,
			);
			defaultConfigurationIsVisible = 0;
			defaultConfigurationName = Release;
		};
/* End XCConfigurationList section */
	};
	rootObject = A4ED62CA28AA29C6000F08B1 /* Project object */;
}
